// !$*UTF8*$!
{
	archiveVersion = 1;
	classes = {
	};
	objectVersion = 56;
	objects = {

/* Begin PBXBuildFile section */
		8428FDC82BDBB9600056F5D3 /* KisilerHucre.swift in Sources */ = {isa = PBXBuildFile; fileRef = 8428FDC72BDBB9600056F5D3 /* KisilerHucre.swift */; };
		8489E8E52BD6E12700071F09 /* AppDelegate.swift in Sources */ = {isa = PBXBuildFile; fileRef = 8489E8E42BD6E12700071F09 /* AppDelegate.swift */; };
		8489E8E72BD6E12700071F09 /* SceneDelegate.swift in Sources */ = {isa = PBXBuildFile; fileRef = 8489E8E62BD6E12700071F09 /* SceneDelegate.swift */; };
		8489E8E92BD6E12700071F09 /* Anasayfa.swift in Sources */ = {isa = PBXBuildFile; fileRef = 8489E8E82BD6E12700071F09 /* Anasayfa.swift */; };
		8489E8EC2BD6E12700071F09 /* Base in Resources */ = {isa = PBXBuildFile; fileRef = 8489E8EB2BD6E12700071F09 /* Base */; };
		8489E8EE2BD6E12800071F09 /* Assets.xcassets in Resources */ = {isa = PBXBuildFile; fileRef = 8489E8ED2BD6E12800071F09 /* Assets.xcassets */; };
		8489E8F12BD6E12800071F09 /* Base in Resources */ = {isa = PBXBuildFile; fileRef = 8489E8F02BD6E12800071F09 /* Base */; };
		8489E8FD2BD6E31E00071F09 /* KisiKayit.swift in Sources */ = {isa = PBXBuildFile; fileRef = 8489E8FC2BD6E31E00071F09 /* KisiKayit.swift */; };
		8489E8FF2BD6E33300071F09 /* KisiDetay.swift in Sources */ = {isa = PBXBuildFile; fileRef = 8489E8FE2BD6E33300071F09 /* KisiDetay.swift */; };
		8489E9012BD6E3E400071F09 /* Kisiler.swift in Sources */ = {isa = PBXBuildFile; fileRef = 8489E9002BD6E3E400071F09 /* Kisiler.swift */; };
/* End PBXBuildFile section */

/* Begin PBXFileReference section */
		8428FDC72BDBB9600056F5D3 /* KisilerHucre.swift */ = {isa = PBXFileReference; lastKnownFileType = sourcecode.swift; path = KisilerHucre.swift; sourceTree = "<group>"; };
		8489E8E12BD6E12700071F09 /* KisilerUygulamasi.app */ = {isa = PBXFileReference; explicitFileType = wrapper.application; includeInIndex = 0; path = KisilerUygulamasi.app; sourceTree = BUILT_PRODUCTS_DIR; };
		8489E8E42BD6E12700071F09 /* AppDelegate.swift */ = {isa = PBXFileReference; lastKnownFileType = sourcecode.swift; path = AppDelegate.swift; sourceTree = "<group>"; };
		8489E8E62BD6E12700071F09 /* SceneDelegate.swift */ = {isa = PBXFileReference; lastKnownFileType = sourcecode.swift; path = SceneDelegate.swift; sourceTree = "<group>"; };
		8489E8E82BD6E12700071F09 /* Anasayfa.swift */ = {isa = PBXFileReference; lastKnownFileType = sourcecode.swift; path = Anasayfa.swift; sourceTree = "<group>"; };
		8489E8EB2BD6E12700071F09 /* Base */ = {isa = PBXFileReference; lastKnownFileType = file.storyboard; name = Base; path = Base.lproj/Main.storyboard; sourceTree = "<group>"; };
		8489E8ED2BD6E12800071F09 /* Assets.xcassets */ = {isa = PBXFileReference; lastKnownFileType = folder.assetcatalog; path = Assets.xcassets; sourceTree = "<group>"; };
		8489E8F02BD6E12800071F09 /* Base */ = {isa = PBXFileReference; lastKnownFileType = file.storyboard; name = Base; path = Base.lproj/LaunchScreen.storyboard; sourceTree = "<group>"; };
		8489E8F22BD6E12800071F09 /* Info.plist */ = {isa = PBXFileReference; lastKnownFileType = text.plist.xml; path = Info.plist; sourceTree = "<group>"; };
		8489E8FC2BD6E31E00071F09 /* KisiKayit.swift */ = {isa = PBXFileReference; lastKnownFileType = sourcecode.swift; path = KisiKayit.swift; sourceTree = "<group>"; };
		8489E8FE2BD6E33300071F09 /* KisiDetay.swift */ = {isa = PBXFileReference; lastKnownFileType = sourcecode.swift; path = KisiDetay.swift; sourceTree = "<group>"; };
		8489E9002BD6E3E400071F09 /* Kisiler.swift */ = {isa = PBXFileReference; lastKnownFileType = sourcecode.swift; path = Kisiler.swift; sourceTree = "<group>"; };
/* End PBXFileReference section */

/* Begin PBXFrameworksBuildPhase section */
		8489E8DE2BD6E12700071F09 /* Frameworks */ = {
			isa = PBXFrameworksBuildPhase;
			buildActionMask = 2147483647;
			files = (
			);
			runOnlyForDeploymentPostprocessing = 0;
		};
/* End PBXFrameworksBuildPhase section */

/* Begin PBXGroup section */
		8428FDC62BDBB9210056F5D3 /* tableview */ = {
			isa = PBXGroup;
			children = (
				8428FDC72BDBB9600056F5D3 /* KisilerHucre.swift */,
			);
			path = tableview;
			sourceTree = "<group>";
		};
		8489E8D82BD6E12700071F09 = {
			isa = PBXGroup;
			children = (
				8489E8E32BD6E12700071F09 /* KisilerUygulamasi */,
				8489E8E22BD6E12700071F09 /* Products */,
			);
			sourceTree = "<group>";
		};
		8489E8E22BD6E12700071F09 /* Products */ = {
			isa = PBXGroup;
			children = (
				8489E8E12BD6E12700071F09 /* KisilerUygulamasi.app */,
			);
			name = Products;
			sourceTree = "<group>";
		};
		8489E8E32BD6E12700071F09 /* KisilerUygulamasi */ = {
			isa = PBXGroup;
			children = (
				8489E8E42BD6E12700071F09 /* AppDelegate.swift */,
				8489E8E62BD6E12700071F09 /* SceneDelegate.swift */,
				8489E8F92BD6E19A00071F09 /* ui */,
				8489E8F82BD6E18D00071F09 /* data */,
				8489E8EA2BD6E12700071F09 /* Main.storyboard */,
				8489E8ED2BD6E12800071F09 /* Assets.xcassets */,
				8489E8EF2BD6E12800071F09 /* LaunchScreen.storyboard */,
				8489E8F22BD6E12800071F09 /* Info.plist */,
			);
			path = KisilerUygulamasi;
			sourceTree = "<group>";
		};
		8489E8F82BD6E18D00071F09 /* data */ = {
			isa = PBXGroup;
			children = (
				8489E8FA2BD6E1F000071F09 /* entity */,
			);
			path = data;
			sourceTree = "<group>";
		};
		8489E8F92BD6E19A00071F09 /* ui */ = {
			isa = PBXGroup;
			children = (
				8428FDC62BDBB9210056F5D3 /* tableview */,
				8489E8FB2BD6E21B00071F09 /* views */,
			);
			path = ui;
			sourceTree = "<group>";
		};
		8489E8FA2BD6E1F000071F09 /* entity */ = {
			isa = PBXGroup;
			children = (
				8489E9002BD6E3E400071F09 /* Kisiler.swift */,
			);
			path = entity;
			sourceTree = "<group>";
		};
		8489E8FB2BD6E21B00071F09 /* views */ = {
			isa = PBXGroup;
			children = (
				8489E8E82BD6E12700071F09 /* Anasayfa.swift */,
				8489E8FC2BD6E31E00071F09 /* KisiKayit.swift */,
				8489E8FE2BD6E33300071F09 /* KisiDetay.swift */,
			);
			path = views;
			sourceTree = "<group>";
		};
/* End PBXGroup section */

/* Begin PBXNativeTarget section */
		8489E8E02BD6E12700071F09 /* KisilerUygulamasi */ = {
			isa = PBXNativeTarget;
			buildConfigurationList = 8489E8F52BD6E12800071F09 /* Build configuration list for PBXNativeTarget "KisilerUygulamasi" */;
			buildPhases = (
				8489E8DD2BD6E12700071F09 /* Sources */,
				8489E8DE2BD6E12700071F09 /* Frameworks */,
				8489E8DF2BD6E12700071F09 /* Resources */,
			);
			buildRules = (
			);
			dependencies = (
			);
			name = KisilerUygulamasi;
			productName = KisilerUygulamasi;
			productReference = 8489E8E12BD6E12700071F09 /* KisilerUygulamasi.app */;
			productType = "com.apple.product-type.application";
		};
/* End PBXNativeTarget section */

/* Begin PBXProject section */
		8489E8D92BD6E12700071F09 /* Project object */ = {
			isa = PBXProject;
			attributes = {
				BuildIndependentTargetsInParallel = 1;
				LastSwiftUpdateCheck = 1530;
				LastUpgradeCheck = 1530;
				TargetAttributes = {
					8489E8E02BD6E12700071F09 = {
						CreatedOnToolsVersion = 15.3;
					};
				};
			};
			buildConfigurationList = 8489E8DC2BD6E12700071F09 /* Build configuration list for PBXProject "KisilerUygulamasi" */;
			compatibilityVersion = "Xcode 14.0";
			developmentRegion = en;
			hasScannedForEncodings = 0;
			knownRegions = (
				en,
				Base,
			);
			mainGroup = 8489E8D82BD6E12700071F09;
			productRefGroup = 8489E8E22BD6E12700071F09 /* Products */;
			projectDirPath = "";
			projectRoot = "";
			targets = (
				8489E8E02BD6E12700071F09 /* KisilerUygulamasi */,
			);
		};
/* End PBXProject section */

/* Begin PBXResourcesBuildPhase section */
		8489E8DF2BD6E12700071F09 /* Resources */ = {
			isa = PBXResourcesBuildPhase;
			buildActionMask = 2147483647;
			files = (
				8489E8EE2BD6E12800071F09 /* Assets.xcassets in Resources */,
				8489E8F12BD6E12800071F09 /* Base in Resources */,
				8489E8EC2BD6E12700071F09 /* Base in Resources */,
			);
			runOnlyForDeploymentPostprocessing = 0;
		};
/* End PBXResourcesBuildPhase section */

/* Begin PBXSourcesBuildPhase section */
		8489E8DD2BD6E12700071F09 /* Sources */ = {
			isa = PBXSourcesBuildPhase;
			buildActionMask = 2147483647;
			files = (
				8489E8FD2BD6E31E00071F09 /* KisiKayit.swift in Sources */,
				8428FDC82BDBB9600056F5D3 /* KisilerHucre.swift in Sources */,
				8489E8FF2BD6E33300071F09 /* KisiDetay.swift in Sources */,
				8489E8E92BD6E12700071F09 /* Anasayfa.swift in Sources */,
				8489E8E52BD6E12700071F09 /* AppDelegate.swift in Sources */,
				8489E8E72BD6E12700071F09 /* SceneDelegate.swift in Sources */,
				8489E9012BD6E3E400071F09 /* Kisiler.swift in Sources */,
			);
			runOnlyForDeploymentPostprocessing = 0;
		};
/* End PBXSourcesBuildPhase section */

/* Begin PBXVariantGroup section */
		8489E8EA2BD6E12700071F09 /* Main.storyboard */ = {
			isa = PBXVariantGroup;
			children = (
				8489E8EB2BD6E12700071F09 /* Base */,
			);
			name = Main.storyboard;
			sourceTree = "<group>";
		};
		8489E8EF2BD6E12800071F09 /* LaunchScreen.storyboard */ = {
			isa = PBXVariantGroup;
			children = (
				8489E8F02BD6E12800071F09 /* Base */,
			);
			name = LaunchScreen.storyboard;
			sourceTree = "<group>";
		};
/* End PBXVariantGroup section */

/* Begin XCBuildConfiguration section */
		8489E8F32BD6E12800071F09 /* Debug */ = {
			isa = XCBuildConfiguration;
			buildSettings = {
				ALWAYS_SEARCH_USER_PATHS = NO;
				ASSETCATALOG_COMPILER_GENERATE_SWIFT_ASSET_SYMBOL_EXTENSIONS = YES;
				CLANG_ANALYZER_NONNULL = YES;
				CLANG_ANALYZER_NUMBER_OBJECT_CONVERSION = YES_AGGRESSIVE;
				CLANG_CXX_LANGUAGE_STANDARD = "gnu++20";
				CLANG_ENABLE_MODULES = YES;
				CLANG_ENABLE_OBJC_ARC = YES;
				CLANG_ENABLE_OBJC_WEAK = YES;
				CLANG_WARN_BLOCK_CAPTURE_AUTORELEASING = YES;
				CLANG_WARN_BOOL_CONVERSION = YES;
				CLANG_WARN_COMMA = YES;
				CLANG_WARN_CONSTANT_CONVERSION = YES;
				CLANG_WARN_DEPRECATED_OBJC_IMPLEMENTATIONS = YES;
				CLANG_WARN_DIRECT_OBJC_ISA_USAGE = YES_ERROR;
				CLANG_WARN_DOCUMENTATION_COMMENTS = YES;
				CLANG_WARN_EMPTY_BODY = YES;
				CLANG_WARN_ENUM_CONVERSION = YES;
				CLANG_WARN_INFINITE_RECURSION = YES;
				CLANG_WARN_INT_CONVERSION = YES;
				CLANG_WARN_NON_LITERAL_NULL_CONVERSION = YES;
				CLANG_WARN_OBJC_IMPLICIT_RETAIN_SELF = YES;
				CLANG_WARN_OBJC_LITERAL_CONVERSION = YES;
				CLANG_WARN_OBJC_ROOT_CLASS = YES_ERROR;
				CLANG_WARN_QUOTED_INCLUDE_IN_FRAMEWORK_HEADER = YES;
				CLANG_WARN_RANGE_LOOP_ANALYSIS = YES;
				CLANG_WARN_STRICT_PROTOTYPES = YES;
				CLANG_WARN_SUSPICIOUS_MOVE = YES;
				CLANG_WARN_UNGUARDED_AVAILABILITY = YES_AGGRESSIVE;
				CLANG_WARN_UNREACHABLE_CODE = YES;
				CLANG_WARN__DUPLICATE_METHOD_MATCH = YES;
				COPY_PHASE_STRIP = NO;
				DEBUG_INFORMATION_FORMAT = dwarf;
				ENABLE_STRICT_OBJC_MSGSEND = YES;
				ENABLE_TESTABILITY = YES;
				ENABLE_USER_SCRIPT_SANDBOXING = YES;
				GCC_C_LANGUAGE_STANDARD = gnu17;
				GCC_DYNAMIC_NO_PIC = NO;
				GCC_NO_COMMON_BLOCKS = YES;
				GCC_OPTIMIZATION_LEVEL = 0;
				GCC_PREPROCESSOR_DEFINITIONS = (
					"DEBUG=1",
					"$(inherited)",
				);
				GCC_WARN_64_TO_32_BIT_CONVERSION = YES;
				GCC_WARN_ABOUT_RETURN_TYPE = YES_ERROR;
				GCC_WARN_UNDECLARED_SELECTOR = YES;
				GCC_WARN_UNINITIALIZED_AUTOS = YES_AGGRESSIVE;
				GCC_WARN_UNUSED_FUNCTION = YES;
				GCC_WARN_UNUSED_VARIABLE = YES;
				IPHONEOS_DEPLOYMENT_TARGET = 17.4;
				LOCALIZATION_PREFERS_STRING_CATALOGS = YES;
				MTL_ENABLE_DEBUG_INFO = INCLUDE_SOURCE;
				MTL_FAST_MATH = YES;
				ONLY_ACTIVE_ARCH = YES;
				SDKROOT = iphoneos;
				SWIFT_ACTIVE_COMPILATION_CONDITIONS = "DEBUG $(inherited)";
				SWIFT_OPTIMIZATION_LEVEL = "-Onone";
			};
			name = Debug;
		};
		8489E8F42BD6E12800071F09 /* Release */ = {
			isa = XCBuildConfiguration;
			buildSettings = {
				ALWAYS_SEARCH_USER_PATHS = NO;
				ASSETCATALOG_COMPILER_GENERATE_SWIFT_ASSET_SYMBOL_EXTENSIONS = YES;
				CLANG_ANALYZER_NONNULL = YES;
				CLANG_ANALYZER_NUMBER_OBJECT_CONVERSION = YES_AGGRESSIVE;
				CLANG_CXX_LANGUAGE_STANDARD = "gnu++20";
				CLANG_ENABLE_MODULES = YES;
				CLANG_ENABLE_OBJC_ARC = YES;
				CLANG_ENABLE_OBJC_WEAK = YES;
				CLANG_WARN_BLOCK_CAPTURE_AUTORELEASING = YES;
				CLANG_WARN_BOOL_CONVERSION = YES;
				CLANG_WARN_COMMA = YES;
				CLANG_WARN_CONSTANT_CONVERSION = YES;
				CLANG_WARN_DEPRECATED_OBJC_IMPLEMENTATIONS = YES;
				CLANG_WARN_DIRECT_OBJC_ISA_USAGE = YES_ERROR;
				CLANG_WARN_DOCUMENTATION_COMMENTS = YES;
				CLANG_WARN_EMPTY_BODY = YES;
				CLANG_WARN_ENUM_CONVERSION = YES;
				CLANG_WARN_INFINITE_RECURSION = YES;
				CLANG_WARN_INT_CONVERSION = YES;
				CLANG_WARN_NON_LITERAL_NULL_CONVERSION = YES;
				CLANG_WARN_OBJC_IMPLICIT_RETAIN_SELF = YES;
				CLANG_WARN_OBJC_LITERAL_CONVERSION = YES;
				CLANG_WARN_OBJC_ROOT_CLASS = YES_ERROR;
				CLANG_WARN_QUOTED_INCLUDE_IN_FRAMEWORK_HEADER = YES;
				CLANG_WARN_RANGE_LOOP_ANALYSIS = YES;
				CLANG_WARN_STRICT_PROTOTYPES = YES;
				CLANG_WARN_SUSPICIOUS_MOVE = YES;
				CLANG_WARN_UNGUARDED_AVAILABILITY = YES_AGGRESSIVE;
				CLANG_WARN_UNREACHABLE_CODE = YES;
				CLANG_WARN__DUPLICATE_METHOD_MATCH = YES;
				COPY_PHASE_STRIP = NO;
				DEBUG_INFORMATION_FORMAT = "dwarf-with-dsym";
				ENABLE_NS_ASSERTIONS = NO;
				ENABLE_STRICT_OBJC_MSGSEND = YES;
				ENABLE_USER_SCRIPT_SANDBOXING = YES;
				GCC_C_LANGUAGE_STANDARD = gnu17;
				GCC_NO_COMMON_BLOCKS = YES;
				GCC_WARN_64_TO_32_BIT_CONVERSION = YES;
				GCC_WARN_ABOUT_RETURN_TYPE = YES_ERROR;
				GCC_WARN_UNDECLARED_SELECTOR = YES;
				GCC_WARN_UNINITIALIZED_AUTOS = YES_AGGRESSIVE;
				GCC_WARN_UNUSED_FUNCTION = YES;
				GCC_WARN_UNUSED_VARIABLE = YES;
				IPHONEOS_DEPLOYMENT_TARGET = 17.4;
				LOCALIZATION_PREFERS_STRING_CATALOGS = YES;
				MTL_ENABLE_DEBUG_INFO = NO;
				MTL_FAST_MATH = YES;
				SDKROOT = iphoneos;
				SWIFT_COMPILATION_MODE = wholemodule;
				VALIDATE_PRODUCT = YES;
			};
			name = Release;
		};
		8489E8F62BD6E12800071F09 /* Debug */ = {
			isa = XCBuildConfiguration;
			buildSettings = {
				ASSETCATALOG_COMPILER_APPICON_NAME = AppIcon;
				ASSETCATALOG_COMPILER_GLOBAL_ACCENT_COLOR_NAME = AccentColor;
				CODE_SIGN_STYLE = Automatic;
				CURRENT_PROJECT_VERSION = 1;
				GENERATE_INFOPLIST_FILE = YES;
				INFOPLIST_FILE = KisilerUygulamasi/Info.plist;
				INFOPLIST_KEY_UIApplicationSupportsIndirectInputEvents = YES;
				INFOPLIST_KEY_UILaunchStoryboardName = LaunchScreen;
				INFOPLIST_KEY_UIMainStoryboardFile = Main;
				INFOPLIST_KEY_UISupportedInterfaceOrientations_iPad = "UIInterfaceOrientationPortrait UIInterfaceOrientationPortraitUpsideDown UIInterfaceOrientationLandscapeLeft UIInterfaceOrientationLandscapeRight";
				INFOPLIST_KEY_UISupportedInterfaceOrientations_iPhone = "UIInterfaceOrientationPortrait UIInterfaceOrientationLandscapeLeft UIInterfaceOrientationLandscapeRight";
				LD_RUNPATH_SEARCH_PATHS = (
					"$(inherited)",
					"@executable_path/Frameworks",
				);
				MARKETING_VERSION = 1.0;
				PRODUCT_BUNDLE_IDENTIFIER = com.info.KisilerUygulamasi;
				PRODUCT_NAME = "$(TARGET_NAME)";
				SWIFT_EMIT_LOC_STRINGS = YES;
				SWIFT_VERSION = 5.0;
				TARGETED_DEVICE_FAMILY = "1,2";
			};
			name = Debug;
		};
		8489E8F72BD6E12800071F09 /* Release */ = {
			isa = XCBuildConfiguration;
			buildSettings = {
				ASSETCATALOG_COMPILER_APPICON_NAME = AppIcon;
				ASSETCATALOG_COMPILER_GLOBAL_ACCENT_COLOR_NAME = AccentColor;
				CODE_SIGN_STYLE = Automatic;
				CURRENT_PROJECT_VERSION = 1;
				GENERATE_INFOPLIST_FILE = YES;
				INFOPLIST_FILE = KisilerUygulamasi/Info.plist;
				INFOPLIST_KEY_UIApplicationSupportsIndirectInputEvents = YES;
				INFOPLIST_KEY_UILaunchStoryboardName = LaunchScreen;
				INFOPLIST_KEY_UIMainStoryboardFile = Main;
				INFOPLIST_KEY_UISupportedInterfaceOrientations_iPad = "UIInterfaceOrientationPortrait UIInterfaceOrientationPortraitUpsideDown UIInterfaceOrientationLandscapeLeft UIInterfaceOrientationLandscapeRight";
				INFOPLIST_KEY_UISupportedInterfaceOrientations_iPhone = "UIInterfaceOrientationPortrait UIInterfaceOrientationLandscapeLeft UIInterfaceOrientationLandscapeRight";
				LD_RUNPATH_SEARCH_PATHS = (
					"$(inherited)",
					"@executable_path/Frameworks",
				);
				MARKETING_VERSION = 1.0;
				PRODUCT_BUNDLE_IDENTIFIER = com.info.KisilerUygulamasi;
				PRODUCT_NAME = "$(TARGET_NAME)";
				SWIFT_EMIT_LOC_STRINGS = YES;
				SWIFT_VERSION = 5.0;
				TARGETED_DEVICE_FAMILY = "1,2";
			};
			name = Release;
		};
/* End XCBuildConfiguration section */

/* Begin XCConfigurationList section */
		8489E8DC2BD6E12700071F09 /* Build configuration list for PBXProject "KisilerUygulamasi" */ = {
			isa = XCConfigurationList;
			buildConfigurations = (
				8489E8F32BD6E12800071F09 /* Debug */,
				8489E8F42BD6E12800071F09 /* Release */,
			);
			defaultConfigurationIsVisible = 0;
			defaultConfigurationName = Release;
		};
		8489E8F52BD6E12800071F09 /* Build configuration list for PBXNativeTarget "KisilerUygulamasi" */ = {
			isa = XCConfigurationList;
			buildConfigurations = (
				8489E8F62BD6E12800071F09 /* Debug */,
				8489E8F72BD6E12800071F09 /* Release */,
			);
			defaultConfigurationIsVisible = 0;
			defaultConfigurationName = Release;
		};
/* End XCConfigurationList section */
	};
	rootObject = 8489E8D92BD6E12700071F09 /* Project object */;
}
