{
  "originHash" : "974c1459d3e77e01e9b1b1ad8b398159c718e730b1d7663ff43f36d3c86fffe6",
  "pins" : [
    {
      "identity" : "alamofire",
      "kind" : "remoteSourceControl",
      "location" : "https://github.com/Alamofire/Alamofire",
      "state" : {
        "revision" : "f455c2975872ccd2d9c81594c658af65716e9b9a",
        "version" : "5.9.1"
      }
    },
    {
      "identity" : "rxswift",
      "kind" : "remoteSourceControl",
      "location" : "https://github.com/ReactiveX/RxSwift.git",
      "state" : {
        "branch" : "main",
        "revision" : "2ff073fc1b9c600ac9b54734aff3348110437c19"
      }
    }
  ],
  "version" : 3
}
