// !$*UTF8*$!
{
	archiveVersion = 1;
	classes = {
	};
	objectVersion = 56;
	objects = {

/* Begin PBXBuildFile section */
		844CA3622BD5595600030147 /* screenshot in Resources */ = {isa = PBXBuildFile; fileRef = 844CA3612BD5595600030147 /* screenshot */; };
		84C1E9F22BD2A4FE00B2F87B /* AppDelegate.swift in Sources */ = {isa = PBXBuildFile; fileRef = 84C1E9F12BD2A4FE00B2F87B /* AppDelegate.swift */; };
		84C1E9F42BD2A4FE00B2F87B /* SceneDelegate.swift in Sources */ = {isa = PBXBuildFile; fileRef = 84C1E9F32BD2A4FE00B2F87B /* SceneDelegate.swift */; };
		84C1E9F62BD2A4FE00B2F87B /* ViewController.swift in Sources */ = {isa = PBXBuildFile; fileRef = 84C1E9F52BD2A4FE00B2F87B /* ViewController.swift */; };
		84C1E9F92BD2A4FE00B2F87B /* Base in Resources */ = {isa = PBXBuildFile; fileRef = 84C1E9F82BD2A4FE00B2F87B /* Base */; };
		84C1E9FB2BD2A4FF00B2F87B /* Assets.xcassets in Resources */ = {isa = PBXBuildFile; fileRef = 84C1E9FA2BD2A4FF00B2F87B /* Assets.xcassets */; };
		84C1E9FE2BD2A4FF00B2F87B /* Base in Resources */ = {isa = PBXBuildFile; fileRef = 84C1E9FD2BD2A4FF00B2F87B /* Base */; };
/* End PBXBuildFile section */

/* Begin PBXFileReference section */
		844CA3612BD5595600030147 /* screenshot */ = {isa = PBXFileReference; lastKnownFileType = folder; path = screenshot; sourceTree = "<group>"; };
		84C1E9EE2BD2A4FE00B2F87B /* odev5.app */ = {isa = PBXFileReference; explicitFileType = wrapper.application; includeInIndex = 0; path = odev5.app; sourceTree = BUILT_PRODUCTS_DIR; };
		84C1E9F12BD2A4FE00B2F87B /* AppDelegate.swift */ = {isa = PBXFileReference; lastKnownFileType = sourcecode.swift; path = AppDelegate.swift; sourceTree = "<group>"; };
		84C1E9F32BD2A4FE00B2F87B /* SceneDelegate.swift */ = {isa = PBXFileReference; lastKnownFileType = sourcecode.swift; path = SceneDelegate.swift; sourceTree = "<group>"; };
		84C1E9F52BD2A4FE00B2F87B /* ViewController.swift */ = {isa = PBXFileReference; lastKnownFileType = sourcecode.swift; path = ViewController.swift; sourceTree = "<group>"; };
		84C1E9F82BD2A4FE00B2F87B /* Base */ = {isa = PBXFileReference; lastKnownFileType = file.storyboard; name = Base; path = Base.lproj/Main.storyboard; sourceTree = "<group>"; };
		84C1E9FA2BD2A4FF00B2F87B /* Assets.xcassets */ = {isa = PBXFileReference; lastKnownFileType = folder.assetcatalog; path = Assets.xcassets; sourceTree = "<group>"; };
		84C1E9FD2BD2A4FF00B2F87B /* Base */ = {isa = PBXFileReference; lastKnownFileType = file.storyboard; name = Base; path = Base.lproj/LaunchScreen.storyboard; sourceTree = "<group>"; };
		84C1E9FF2BD2A4FF00B2F87B /* Info.plist */ = {isa = PBXFileReference; lastKnownFileType = text.plist.xml; path = Info.plist; sourceTree = "<group>"; };
/* End PBXFileReference section */

/* Begin PBXFrameworksBuildPhase section */
		84C1E9EB2BD2A4FE00B2F87B /* Frameworks */ = {
			isa = PBXFrameworksBuildPhase;
			buildActionMask = 2147483647;
			files = (
			);
			runOnlyForDeploymentPostprocessing = 0;
		};
/* End PBXFrameworksBuildPhase section */

/* Begin PBXGroup section */
		84C1E9E52BD2A4FE00B2F87B = {
			isa = PBXGroup;
			children = (
				84C1E9F02BD2A4FE00B2F87B /* odev5 */,
				84C1E9EF2BD2A4FE00B2F87B /* Products */,
			);
			sourceTree = "<group>";
		};
		84C1E9EF2BD2A4FE00B2F87B /* Products */ = {
			isa = PBXGroup;
			children = (
				84C1E9EE2BD2A4FE00B2F87B /* odev5.app */,
			);
			name = Products;
			sourceTree = "<group>";
		};
		84C1E9F02BD2A4FE00B2F87B /* odev5 */ = {
			isa = PBXGroup;
			children = (
				844CA3612BD5595600030147 /* screenshot */,
				84C1E9F12BD2A4FE00B2F87B /* AppDelegate.swift */,
				84C1E9F32BD2A4FE00B2F87B /* SceneDelegate.swift */,
				84C1E9F52BD2A4FE00B2F87B /* ViewController.swift */,
				84C1E9F72BD2A4FE00B2F87B /* Main.storyboard */,
				84C1E9FA2BD2A4FF00B2F87B /* Assets.xcassets */,
				84C1E9FC2BD2A4FF00B2F87B /* LaunchScreen.storyboard */,
				84C1E9FF2BD2A4FF00B2F87B /* Info.plist */,
			);
			path = odev5;
			sourceTree = "<group>";
		};
/* End PBXGroup section */

/* Begin PBXNativeTarget section */
		84C1E9ED2BD2A4FE00B2F87B /* odev5 */ = {
			isa = PBXNativeTarget;
			buildConfigurationList = 84C1EA022BD2A4FF00B2F87B /* Build configuration list for PBXNativeTarget "odev5" */;
			buildPhases = (
				84C1E9EA2BD2A4FE00B2F87B /* Sources */,
				84C1E9EB2BD2A4FE00B2F87B /* Frameworks */,
				84C1E9EC2BD2A4FE00B2F87B /* Resources */,
			);
			buildRules = (
			);
			dependencies = (
			);
			name = odev5;
			productName = odev5;
			productReference = 84C1E9EE2BD2A4FE00B2F87B /* odev5.app */;
			productType = "com.apple.product-type.application";
		};
/* End PBXNativeTarget section */

/* Begin PBXProject section */
		84C1E9E62BD2A4FE00B2F87B /* Project object */ = {
			isa = PBXProject;
			attributes = {
				BuildIndependentTargetsInParallel = 1;
				LastSwiftUpdateCheck = 1530;
				LastUpgradeCheck = 1530;
				TargetAttributes = {
					84C1E9ED2BD2A4FE00B2F87B = {
						CreatedOnToolsVersion = 15.3;
					};
				};
			};
			buildConfigurationList = 84C1E9E92BD2A4FE00B2F87B /* Build configuration list for PBXProject "odev5" */;
			compatibilityVersion = "Xcode 14.0";
			developmentRegion = en;
			hasScannedForEncodings = 0;
			knownRegions = (
				en,
				Base,
			);
			mainGroup = 84C1E9E52BD2A4FE00B2F87B;
			productRefGroup = 84C1E9EF2BD2A4FE00B2F87B /* Products */;
			projectDirPath = "";
			projectRoot = "";
			targets = (
				84C1E9ED2BD2A4FE00B2F87B /* odev5 */,
			);
		};
/* End PBXProject section */

/* Begin PBXResourcesBuildPhase section */
		84C1E9EC2BD2A4FE00B2F87B /* Resources */ = {
			isa = PBXResourcesBuildPhase;
			buildActionMask = 2147483647;
			files = (
				844CA3622BD5595600030147 /* screenshot in Resources */,
				84C1E9FB2BD2A4FF00B2F87B /* Assets.xcassets in Resources */,
				84C1E9FE2BD2A4FF00B2F87B /* Base in Resources */,
				84C1E9F92BD2A4FE00B2F87B /* Base in Resources */,
			);
			runOnlyForDeploymentPostprocessing = 0;
		};
/* End PBXResourcesBuildPhase section */

/* Begin PBXSourcesBuildPhase section */
		84C1E9EA2BD2A4FE00B2F87B /* Sources */ = {
			isa = PBXSourcesBuildPhase;
			buildActionMask = 2147483647;
			files = (
				84C1E9F62BD2A4FE00B2F87B /* ViewController.swift in Sources */,
				84C1E9F22BD2A4FE00B2F87B /* AppDelegate.swift in Sources */,
				84C1E9F42BD2A4FE00B2F87B /* SceneDelegate.swift in Sources */,
			);
			runOnlyForDeploymentPostprocessing = 0;
		};
/* End PBXSourcesBuildPhase section */

/* Begin PBXVariantGroup section */
		84C1E9F72BD2A4FE00B2F87B /* Main.storyboard */ = {
			isa = PBXVariantGroup;
			children = (
				84C1E9F82BD2A4FE00B2F87B /* Base */,
			);
			name = Main.storyboard;
			sourceTree = "<group>";
		};
		84C1E9FC2BD2A4FF00B2F87B /* LaunchScreen.storyboard */ = {
			isa = PBXVariantGroup;
			children = (
				84C1E9FD2BD2A4FF00B2F87B /* Base */,
			);
			name = LaunchScreen.storyboard;
			sourceTree = "<group>";
		};
/* End PBXVariantGroup section */

/* Begin XCBuildConfiguration section */
		84C1EA002BD2A4FF00B2F87B /* Debug */ = {
			isa = XCBuildConfiguration;
			buildSettings = {
				ALWAYS_SEARCH_USER_PATHS = NO;
				ASSETCATALOG_COMPILER_GENERATE_SWIFT_ASSET_SYMBOL_EXTENSIONS = YES;
				CLANG_ANALYZER_NONNULL = YES;
				CLANG_ANALYZER_NUMBER_OBJECT_CONVERSION = YES_AGGRESSIVE;
				CLANG_CXX_LANGUAGE_STANDARD = "gnu++20";
				CLANG_ENABLE_MODULES = YES;
				CLANG_ENABLE_OBJC_ARC = YES;
				CLANG_ENABLE_OBJC_WEAK = YES;
				CLANG_WARN_BLOCK_CAPTURE_AUTORELEASING = YES;
				CLANG_WARN_BOOL_CONVERSION = YES;
				CLANG_WARN_COMMA = YES;
				CLANG_WARN_CONSTANT_CONVERSION = YES;
				CLANG_WARN_DEPRECATED_OBJC_IMPLEMENTATIONS = YES;
				CLANG_WARN_DIRECT_OBJC_ISA_USAGE = YES_ERROR;
				CLANG_WARN_DOCUMENTATION_COMMENTS = YES;
				CLANG_WARN_EMPTY_BODY = YES;
				CLANG_WARN_ENUM_CONVERSION = YES;
				CLANG_WARN_INFINITE_RECURSION = YES;
				CLANG_WARN_INT_CONVERSION = YES;
				CLANG_WARN_NON_LITERAL_NULL_CONVERSION = YES;
				CLANG_WARN_OBJC_IMPLICIT_RETAIN_SELF = YES;
				CLANG_WARN_OBJC_LITERAL_CONVERSION = YES;
				CLANG_WARN_OBJC_ROOT_CLASS = YES_ERROR;
				CLANG_WARN_QUOTED_INCLUDE_IN_FRAMEWORK_HEADER = YES;
				CLANG_WARN_RANGE_LOOP_ANALYSIS = YES;
				CLANG_WARN_STRICT_PROTOTYPES = YES;
				CLANG_WARN_SUSPICIOUS_MOVE = YES;
				CLANG_WARN_UNGUARDED_AVAILABILITY = YES_AGGRESSIVE;
				CLANG_WARN_UNREACHABLE_CODE = YES;
				CLANG_WARN__DUPLICATE_METHOD_MATCH = YES;
				COPY_PHASE_STRIP = NO;
				DEBUG_INFORMATION_FORMAT = dwarf;
				ENABLE_STRICT_OBJC_MSGSEND = YES;
				ENABLE_TESTABILITY = YES;
				ENABLE_USER_SCRIPT_SANDBOXING = YES;
				GCC_C_LANGUAGE_STANDARD = gnu17;
				GCC_DYNAMIC_NO_PIC = NO;
				GCC_NO_COMMON_BLOCKS = YES;
				GCC_OPTIMIZATION_LEVEL = 0;
				GCC_PREPROCESSOR_DEFINITIONS = (
					"DEBUG=1",
					"$(inherited)",
				);
				GCC_WARN_64_TO_32_BIT_CONVERSION = YES;
				GCC_WARN_ABOUT_RETURN_TYPE = YES_ERROR;
				GCC_WARN_UNDECLARED_SELECTOR = YES;
				GCC_WARN_UNINITIALIZED_AUTOS = YES_AGGRESSIVE;
				GCC_WARN_UNUSED_FUNCTION = YES;
				GCC_WARN_UNUSED_VARIABLE = YES;
				IPHONEOS_DEPLOYMENT_TARGET = 17.4;
				LOCALIZATION_PREFERS_STRING_CATALOGS = YES;
				MTL_ENABLE_DEBUG_INFO = INCLUDE_SOURCE;
				MTL_FAST_MATH = YES;
				ONLY_ACTIVE_ARCH = YES;
				SDKROOT = iphoneos;
				SWIFT_ACTIVE_COMPILATION_CONDITIONS = "DEBUG $(inherited)";
				SWIFT_OPTIMIZATION_LEVEL = "-Onone";
			};
			name = Debug;
		};
		84C1EA012BD2A4FF00B2F87B /* Release */ = {
			isa = XCBuildConfiguration;
			buildSettings = {
				ALWAYS_SEARCH_USER_PATHS = NO;
				ASSETCATALOG_COMPILER_GENERATE_SWIFT_ASSET_SYMBOL_EXTENSIONS = YES;
				CLANG_ANALYZER_NONNULL = YES;
				CLANG_ANALYZER_NUMBER_OBJECT_CONVERSION = YES_AGGRESSIVE;
				CLANG_CXX_LANGUAGE_STANDARD = "gnu++20";
				CLANG_ENABLE_MODULES = YES;
				CLANG_ENABLE_OBJC_ARC = YES;
				CLANG_ENABLE_OBJC_WEAK = YES;
				CLANG_WARN_BLOCK_CAPTURE_AUTORELEASING = YES;
				CLANG_WARN_BOOL_CONVERSION = YES;
				CLANG_WARN_COMMA = YES;
				CLANG_WARN_CONSTANT_CONVERSION = YES;
				CLANG_WARN_DEPRECATED_OBJC_IMPLEMENTATIONS = YES;
				CLANG_WARN_DIRECT_OBJC_ISA_USAGE = YES_ERROR;
				CLANG_WARN_DOCUMENTATION_COMMENTS = YES;
				CLANG_WARN_EMPTY_BODY = YES;
				CLANG_WARN_ENUM_CONVERSION = YES;
				CLANG_WARN_INFINITE_RECURSION = YES;
				CLANG_WARN_INT_CONVERSION = YES;
				CLANG_WARN_NON_LITERAL_NULL_CONVERSION = YES;
				CLANG_WARN_OBJC_IMPLICIT_RETAIN_SELF = YES;
				CLANG_WARN_OBJC_LITERAL_CONVERSION = YES;
				CLANG_WARN_OBJC_ROOT_CLASS = YES_ERROR;
				CLANG_WARN_QUOTED_INCLUDE_IN_FRAMEWORK_HEADER = YES;
				CLANG_WARN_RANGE_LOOP_ANALYSIS = YES;
				CLANG_WARN_STRICT_PROTOTYPES = YES;
				CLANG_WARN_SUSPICIOUS_MOVE = YES;
				CLANG_WARN_UNGUARDED_AVAILABILITY = YES_AGGRESSIVE;
				CLANG_WARN_UNREACHABLE_CODE = YES;
				CLANG_WARN__DUPLICATE_METHOD_MATCH = YES;
				COPY_PHASE_STRIP = NO;
				DEBUG_INFORMATION_FORMAT = "dwarf-with-dsym";
				ENABLE_NS_ASSERTIONS = NO;
				ENABLE_STRICT_OBJC_MSGSEND = YES;
				ENABLE_USER_SCRIPT_SANDBOXING = YES;
				GCC_C_LANGUAGE_STANDARD = gnu17;
				GCC_NO_COMMON_BLOCKS = YES;
				GCC_WARN_64_TO_32_BIT_CONVERSION = YES;
				GCC_WARN_ABOUT_RETURN_TYPE = YES_ERROR;
				GCC_WARN_UNDECLARED_SELECTOR = YES;
				GCC_WARN_UNINITIALIZED_AUTOS = YES_AGGRESSIVE;
				GCC_WARN_UNUSED_FUNCTION = YES;
				GCC_WARN_UNUSED_VARIABLE = YES;
				IPHONEOS_DEPLOYMENT_TARGET = 17.4;
				LOCALIZATION_PREFERS_STRING_CATALOGS = YES;
				MTL_ENABLE_DEBUG_INFO = NO;
				MTL_FAST_MATH = YES;
				SDKROOT = iphoneos;
				SWIFT_COMPILATION_MODE = wholemodule;
				VALIDATE_PRODUCT = YES;
			};
			name = Release;
		};
		84C1EA032BD2A4FF00B2F87B /* Debug */ = {
			isa = XCBuildConfiguration;
			buildSettings = {
				ASSETCATALOG_COMPILER_APPICON_NAME = AppIcon;
				ASSETCATALOG_COMPILER_GLOBAL_ACCENT_COLOR_NAME = AccentColor;
				CODE_SIGN_STYLE = Automatic;
				CURRENT_PROJECT_VERSION = 1;
				GENERATE_INFOPLIST_FILE = YES;
				INFOPLIST_FILE = odev5/Info.plist;
				INFOPLIST_KEY_UIApplicationSupportsIndirectInputEvents = YES;
				INFOPLIST_KEY_UILaunchStoryboardName = LaunchScreen;
				INFOPLIST_KEY_UIMainStoryboardFile = Main;
				INFOPLIST_KEY_UISupportedInterfaceOrientations_iPad = "UIInterfaceOrientationPortrait UIInterfaceOrientationPortraitUpsideDown UIInterfaceOrientationLandscapeLeft UIInterfaceOrientationLandscapeRight";
				INFOPLIST_KEY_UISupportedInterfaceOrientations_iPhone = "UIInterfaceOrientationPortrait UIInterfaceOrientationLandscapeLeft UIInterfaceOrientationLandscapeRight";
				LD_RUNPATH_SEARCH_PATHS = (
					"$(inherited)",
					"@executable_path/Frameworks",
				);
				MARKETING_VERSION = 1.0;
				PRODUCT_BUNDLE_IDENTIFIER = com.info.odev5;
				PRODUCT_NAME = "$(TARGET_NAME)";
				SWIFT_EMIT_LOC_STRINGS = YES;
				SWIFT_VERSION = 5.0;
				TARGETED_DEVICE_FAMILY = "1,2";
			};
			name = Debug;
		};
		84C1EA042BD2A4FF00B2F87B /* Release */ = {
			isa = XCBuildConfiguration;
			buildSettings = {
				ASSETCATALOG_COMPILER_APPICON_NAME = AppIcon;
				ASSETCATALOG_COMPILER_GLOBAL_ACCENT_COLOR_NAME = AccentColor;
				CODE_SIGN_STYLE = Automatic;
				CURRENT_PROJECT_VERSION = 1;
				GENERATE_INFOPLIST_FILE = YES;
				INFOPLIST_FILE = odev5/Info.plist;
				INFOPLIST_KEY_UIApplicationSupportsIndirectInputEvents = YES;
				INFOPLIST_KEY_UILaunchStoryboardName = LaunchScreen;
				INFOPLIST_KEY_UIMainStoryboardFile = Main;
				INFOPLIST_KEY_UISupportedInterfaceOrientations_iPad = "UIInterfaceOrientationPortrait UIInterfaceOrientationPortraitUpsideDown UIInterfaceOrientationLandscapeLeft UIInterfaceOrientationLandscapeRight";
				INFOPLIST_KEY_UISupportedInterfaceOrientations_iPhone = "UIInterfaceOrientationPortrait UIInterfaceOrientationLandscapeLeft UIInterfaceOrientationLandscapeRight";
				LD_RUNPATH_SEARCH_PATHS = (
					"$(inherited)",
					"@executable_path/Frameworks",
				);
				MARKETING_VERSION = 1.0;
				PRODUCT_BUNDLE_IDENTIFIER = com.info.odev5;
				PRODUCT_NAME = "$(TARGET_NAME)";
				SWIFT_EMIT_LOC_STRINGS = YES;
				SWIFT_VERSION = 5.0;
				TARGETED_DEVICE_FAMILY = "1,2";
			};
			name = Release;
		};
/* End XCBuildConfiguration section */

/* Begin XCConfigurationList section */
		84C1E9E92BD2A4FE00B2F87B /* Build configuration list for PBXProject "odev5" */ = {
			isa = XCConfigurationList;
			buildConfigurations = (
				84C1EA002BD2A4FF00B2F87B /* Debug */,
				84C1EA012BD2A4FF00B2F87B /* Release */,
			);
			defaultConfigurationIsVisible = 0;
			defaultConfigurationName = Release;
		};
		84C1EA022BD2A4FF00B2F87B /* Build configuration list for PBXNativeTarget "odev5" */ = {
			isa = XCConfigurationList;
			buildConfigurations = (
				84C1EA032BD2A4FF00B2F87B /* Debug */,
				84C1EA042BD2A4FF00B2F87B /* Release */,
			);
			defaultConfigurationIsVisible = 0;
			defaultConfigurationName = Release;
		};
/* End XCConfigurationList section */
	};
	rootObject = 84C1E9E62BD2A4FE00B2F87B /* Project object */;
}
