// !$*UTF8*$!
{
	archiveVersion = 1;
	classes = {
	};
	objectVersion = 56;
	objects = {

/* Begin PBXBuildFile section */
		848D099C2BF89A4A00084DB6 /* AppDelegate.swift in Sources */ = {isa = PBXBuildFile; fileRef = 848D099B2BF89A4A00084DB6 /* AppDelegate.swift */; };
		848D099E2BF89A4A00084DB6 /* SceneDelegate.swift in Sources */ = {isa = PBXBuildFile; fileRef = 848D099D2BF89A4A00084DB6 /* SceneDelegate.swift */; };
		848D09A02BF89A4A00084DB6 /* Anasayfa.swift in Sources */ = {isa = PBXBuildFile; fileRef = 848D099F2BF89A4A00084DB6 /* Anasayfa.swift */; };
		848D09A32BF89A4A00084DB6 /* Base in Resources */ = {isa = PBXBuildFile; fileRef = 848D09A22BF89A4A00084DB6 /* Base */; };
		848D09A52BF89A4B00084DB6 /* Assets.xcassets in Resources */ = {isa = PBXBuildFile; fileRef = 848D09A42BF89A4B00084DB6 /* Assets.xcassets */; };
		848D09A82BF89A4B00084DB6 /* Base in Resources */ = {isa = PBXBuildFile; fileRef = 848D09A72BF89A4B00084DB6 /* Base */; };
		848D09B42BFB779400084DB6 /* TodoKayit.swift in Sources */ = {isa = PBXBuildFile; fileRef = 848D09B32BFB779400084DB6 /* TodoKayit.swift */; };
		848D09B62BFB77B100084DB6 /* TodoDetay.swift in Sources */ = {isa = PBXBuildFile; fileRef = 848D09B52BFB77B100084DB6 /* TodoDetay.swift */; };
		848D09B82BFB787200084DB6 /* Todos.swift in Sources */ = {isa = PBXBuildFile; fileRef = 848D09B72BFB787200084DB6 /* Todos.swift */; };
		848D09BE2BFB845700084DB6 /* TodoDaoRepository.swift in Sources */ = {isa = PBXBuildFile; fileRef = 848D09BD2BFB845700084DB6 /* TodoDaoRepository.swift */; };
		848D09C02BFB879800084DB6 /* AnasayfaViewModel.swift in Sources */ = {isa = PBXBuildFile; fileRef = 848D09BF2BFB879800084DB6 /* AnasayfaViewModel.swift */; };
		848D09C22BFB8A6A00084DB6 /* TodoHucre.swift in Sources */ = {isa = PBXBuildFile; fileRef = 848D09C12BFB8A6A00084DB6 /* TodoHucre.swift */; };
		848D09C42BFB8B1E00084DB6 /* TodoDetayViewModel.swift in Sources */ = {isa = PBXBuildFile; fileRef = 848D09C32BFB8B1E00084DB6 /* TodoDetayViewModel.swift */; };
		848D09C62BFB8B9800084DB6 /* TodoKayitViewModel.swift in Sources */ = {isa = PBXBuildFile; fileRef = 848D09C52BFB8B9800084DB6 /* TodoKayitViewModel.swift */; };
		848D09C92BFB90E800084DB6 /* RxSwift in Frameworks */ = {isa = PBXBuildFile; productRef = 848D09C82BFB90E800084DB6 /* RxSwift */; };
		848D09D82BFB922400084DB6 /* FMDatabase.m in Sources */ = {isa = PBXBuildFile; fileRef = 848D09CD2BFB922400084DB6 /* FMDatabase.m */; };
		848D09D92BFB922400084DB6 /* FMDatabasePool.m in Sources */ = {isa = PBXBuildFile; fileRef = 848D09CE2BFB922400084DB6 /* FMDatabasePool.m */; };
		848D09DA2BFB922400084DB6 /* FMDatabaseQueue.m in Sources */ = {isa = PBXBuildFile; fileRef = 848D09D02BFB922400084DB6 /* FMDatabaseQueue.m */; };
		848D09DB2BFB922400084DB6 /* FMResultSet.m in Sources */ = {isa = PBXBuildFile; fileRef = 848D09D22BFB922400084DB6 /* FMResultSet.m */; };
		848D09DC2BFB922400084DB6 /* FMDatabaseAdditions.m in Sources */ = {isa = PBXBuildFile; fileRef = 848D09D32BFB922400084DB6 /* FMDatabaseAdditions.m */; };
		848D09DE2BFB928700084DB6 /* todo.sqlite in Resources */ = {isa = PBXBuildFile; fileRef = 848D09DD2BFB928700084DB6 /* todo.sqlite */; };
		84BE5E1D2BFCCB74002BFEC5 /* ToastMessage.swift in Sources */ = {isa = PBXBuildFile; fileRef = 84BE5E1C2BFCCB74002BFEC5 /* ToastMessage.swift */; };
/* End PBXBuildFile section */

/* Begin PBXFileReference section */
		848D09982BF89A4A00084DB6 /* odev7.app */ = {isa = PBXFileReference; explicitFileType = wrapper.application; includeInIndex = 0; path = odev7.app; sourceTree = BUILT_PRODUCTS_DIR; };
		848D099B2BF89A4A00084DB6 /* AppDelegate.swift */ = {isa = PBXFileReference; lastKnownFileType = sourcecode.swift; path = AppDelegate.swift; sourceTree = "<group>"; };
		848D099D2BF89A4A00084DB6 /* SceneDelegate.swift */ = {isa = PBXFileReference; lastKnownFileType = sourcecode.swift; path = SceneDelegate.swift; sourceTree = "<group>"; };
		848D099F2BF89A4A00084DB6 /* Anasayfa.swift */ = {isa = PBXFileReference; lastKnownFileType = sourcecode.swift; path = Anasayfa.swift; sourceTree = "<group>"; };
		848D09A22BF89A4A00084DB6 /* Base */ = {isa = PBXFileReference; lastKnownFileType = file.storyboard; name = Base; path = Base.lproj/Main.storyboard; sourceTree = "<group>"; };
		848D09A42BF89A4B00084DB6 /* Assets.xcassets */ = {isa = PBXFileReference; lastKnownFileType = folder.assetcatalog; path = Assets.xcassets; sourceTree = "<group>"; };
		848D09A72BF89A4B00084DB6 /* Base */ = {isa = PBXFileReference; lastKnownFileType = file.storyboard; name = Base; path = Base.lproj/LaunchScreen.storyboard; sourceTree = "<group>"; };
		848D09A92BF89A4B00084DB6 /* Info.plist */ = {isa = PBXFileReference; lastKnownFileType = text.plist.xml; path = Info.plist; sourceTree = "<group>"; };
		848D09B32BFB779400084DB6 /* TodoKayit.swift */ = {isa = PBXFileReference; lastKnownFileType = sourcecode.swift; path = TodoKayit.swift; sourceTree = "<group>"; };
		848D09B52BFB77B100084DB6 /* TodoDetay.swift */ = {isa = PBXFileReference; lastKnownFileType = sourcecode.swift; path = TodoDetay.swift; sourceTree = "<group>"; };
		848D09B72BFB787200084DB6 /* Todos.swift */ = {isa = PBXFileReference; lastKnownFileType = sourcecode.swift; path = Todos.swift; sourceTree = "<group>"; };
		848D09BD2BFB845700084DB6 /* TodoDaoRepository.swift */ = {isa = PBXFileReference; lastKnownFileType = sourcecode.swift; path = TodoDaoRepository.swift; sourceTree = "<group>"; };
		848D09BF2BFB879800084DB6 /* AnasayfaViewModel.swift */ = {isa = PBXFileReference; lastKnownFileType = sourcecode.swift; path = AnasayfaViewModel.swift; sourceTree = "<group>"; };
		848D09C12BFB8A6A00084DB6 /* TodoHucre.swift */ = {isa = PBXFileReference; lastKnownFileType = sourcecode.swift; path = TodoHucre.swift; sourceTree = "<group>"; };
		848D09C32BFB8B1E00084DB6 /* TodoDetayViewModel.swift */ = {isa = PBXFileReference; lastKnownFileType = sourcecode.swift; path = TodoDetayViewModel.swift; sourceTree = "<group>"; };
		848D09C52BFB8B9800084DB6 /* TodoKayitViewModel.swift */ = {isa = PBXFileReference; lastKnownFileType = sourcecode.swift; path = TodoKayitViewModel.swift; sourceTree = "<group>"; };
		848D09CB2BFB91D900084DB6 /* libsqlite3.tbd */ = {isa = PBXFileReference; lastKnownFileType = "sourcecode.text-based-dylib-definition"; name = libsqlite3.tbd; path = usr/lib/libsqlite3.tbd; sourceTree = SDKROOT; };
		848D09CC2BFB922400084DB6 /* odev7-Bridging-Header.h */ = {isa = PBXFileReference; lastKnownFileType = sourcecode.c.h; path = "odev7-Bridging-Header.h"; sourceTree = "<group>"; };
		848D09CD2BFB922400084DB6 /* FMDatabase.m */ = {isa = PBXFileReference; fileEncoding = 4; lastKnownFileType = sourcecode.c.objc; path = FMDatabase.m; sourceTree = "<group>"; };
		848D09CE2BFB922400084DB6 /* FMDatabasePool.m */ = {isa = PBXFileReference; fileEncoding = 4; lastKnownFileType = sourcecode.c.objc; path = FMDatabasePool.m; sourceTree = "<group>"; };
		848D09CF2BFB922400084DB6 /* FMDatabaseQueue.h */ = {isa = PBXFileReference; fileEncoding = 4; lastKnownFileType = sourcecode.c.h; path = FMDatabaseQueue.h; sourceTree = "<group>"; };
		848D09D02BFB922400084DB6 /* FMDatabaseQueue.m */ = {isa = PBXFileReference; fileEncoding = 4; lastKnownFileType = sourcecode.c.objc; path = FMDatabaseQueue.m; sourceTree = "<group>"; };
		848D09D12BFB922400084DB6 /* FMDB.h */ = {isa = PBXFileReference; fileEncoding = 4; lastKnownFileType = sourcecode.c.h; path = FMDB.h; sourceTree = "<group>"; };
		848D09D22BFB922400084DB6 /* FMResultSet.m */ = {isa = PBXFileReference; fileEncoding = 4; lastKnownFileType = sourcecode.c.objc; path = FMResultSet.m; sourceTree = "<group>"; };
		848D09D32BFB922400084DB6 /* FMDatabaseAdditions.m */ = {isa = PBXFileReference; fileEncoding = 4; lastKnownFileType = sourcecode.c.objc; path = FMDatabaseAdditions.m; sourceTree = "<group>"; };
		848D09D42BFB922400084DB6 /* FMDatabasePool.h */ = {isa = PBXFileReference; fileEncoding = 4; lastKnownFileType = sourcecode.c.h; path = FMDatabasePool.h; sourceTree = "<group>"; };
		848D09D52BFB922400084DB6 /* FMDatabaseAdditions.h */ = {isa = PBXFileReference; fileEncoding = 4; lastKnownFileType = sourcecode.c.h; path = FMDatabaseAdditions.h; sourceTree = "<group>"; };
		848D09D62BFB922400084DB6 /* FMResultSet.h */ = {isa = PBXFileReference; fileEncoding = 4; lastKnownFileType = sourcecode.c.h; path = FMResultSet.h; sourceTree = "<group>"; };
		848D09D72BFB922400084DB6 /* FMDatabase.h */ = {isa = PBXFileReference; fileEncoding = 4; lastKnownFileType = sourcecode.c.h; path = FMDatabase.h; sourceTree = "<group>"; };
		848D09DD2BFB928700084DB6 /* todo.sqlite */ = {isa = PBXFileReference; lastKnownFileType = file; path = todo.sqlite; sourceTree = "<group>"; };
		84BE5E1C2BFCCB74002BFEC5 /* ToastMessage.swift */ = {isa = PBXFileReference; lastKnownFileType = sourcecode.swift; path = ToastMessage.swift; sourceTree = "<group>"; };
/* End PBXFileReference section */

/* Begin PBXFrameworksBuildPhase section */
		848D09952BF89A4A00084DB6 /* Frameworks */ = {
			isa = PBXFrameworksBuildPhase;
			buildActionMask = 2147483647;
			files = (
				848D09C92BFB90E800084DB6 /* RxSwift in Frameworks */,
			);
			runOnlyForDeploymentPostprocessing = 0;
		};
/* End PBXFrameworksBuildPhase section */

/* Begin PBXGroup section */
		848D098F2BF89A4A00084DB6 = {
			isa = PBXGroup;
			children = (
				848D099A2BF89A4A00084DB6 /* odev7 */,
				848D09992BF89A4A00084DB6 /* Products */,
				848D09CA2BFB91D900084DB6 /* Frameworks */,
			);
			sourceTree = "<group>";
		};
		848D09992BF89A4A00084DB6 /* Products */ = {
			isa = PBXGroup;
			children = (
				848D09982BF89A4A00084DB6 /* odev7.app */,
			);
			name = Products;
			sourceTree = "<group>";
		};
		848D099A2BF89A4A00084DB6 /* odev7 */ = {
			isa = PBXGroup;
			children = (
				848D099B2BF89A4A00084DB6 /* AppDelegate.swift */,
				848D099D2BF89A4A00084DB6 /* SceneDelegate.swift */,
				848D09B02BFB772D00084DB6 /* ui */,
				848D09AF2BFB772700084DB6 /* data */,
				848D09A12BF89A4A00084DB6 /* Main.storyboard */,
				848D09A42BF89A4B00084DB6 /* Assets.xcassets */,
				848D09A62BF89A4B00084DB6 /* LaunchScreen.storyboard */,
				848D09A92BF89A4B00084DB6 /* Info.plist */,
				848D09D72BFB922400084DB6 /* FMDatabase.h */,
				848D09CD2BFB922400084DB6 /* FMDatabase.m */,
				848D09D52BFB922400084DB6 /* FMDatabaseAdditions.h */,
				848D09D32BFB922400084DB6 /* FMDatabaseAdditions.m */,
				848D09D42BFB922400084DB6 /* FMDatabasePool.h */,
				848D09CE2BFB922400084DB6 /* FMDatabasePool.m */,
				848D09CF2BFB922400084DB6 /* FMDatabaseQueue.h */,
				848D09D02BFB922400084DB6 /* FMDatabaseQueue.m */,
				848D09D12BFB922400084DB6 /* FMDB.h */,
				848D09D62BFB922400084DB6 /* FMResultSet.h */,
				848D09D22BFB922400084DB6 /* FMResultSet.m */,
				848D09CC2BFB922400084DB6 /* odev7-Bridging-Header.h */,
				848D09DD2BFB928700084DB6 /* todo.sqlite */,
			);
			path = odev7;
			sourceTree = "<group>";
		};
		848D09AF2BFB772700084DB6 /* data */ = {
			isa = PBXGroup;
			children = (
				848D09BC2BFB844400084DB6 /* repo */,
				848D09B12BFB773C00084DB6 /* entity */,
			);
			path = data;
			sourceTree = "<group>";
		};
		848D09B02BFB772D00084DB6 /* ui */ = {
			isa = PBXGroup;
			children = (
				848D09BB2BFB813000084DB6 /* viewmodel */,
				848D09BA2BFB811F00084DB6 /* tableview */,
				848D09B22BFB774600084DB6 /* views */,
				84BE5E1C2BFCCB74002BFEC5 /* ToastMessage.swift */,
			);
			path = ui;
			sourceTree = "<group>";
		};
		848D09B12BFB773C00084DB6 /* entity */ = {
			isa = PBXGroup;
			children = (
				848D09B72BFB787200084DB6 /* Todos.swift */,
			);
			path = entity;
			sourceTree = "<group>";
		};
		848D09B22BFB774600084DB6 /* views */ = {
			isa = PBXGroup;
			children = (
				848D099F2BF89A4A00084DB6 /* Anasayfa.swift */,
				848D09B32BFB779400084DB6 /* TodoKayit.swift */,
				848D09B52BFB77B100084DB6 /* TodoDetay.swift */,
			);
			path = views;
			sourceTree = "<group>";
		};
		848D09BA2BFB811F00084DB6 /* tableview */ = {
			isa = PBXGroup;
			children = (
				848D09C12BFB8A6A00084DB6 /* TodoHucre.swift */,
			);
			path = tableview;
			sourceTree = "<group>";
		};
		848D09BB2BFB813000084DB6 /* viewmodel */ = {
			isa = PBXGroup;
			children = (
				848D09BF2BFB879800084DB6 /* AnasayfaViewModel.swift */,
				848D09C32BFB8B1E00084DB6 /* TodoDetayViewModel.swift */,
				848D09C52BFB8B9800084DB6 /* TodoKayitViewModel.swift */,
			);
			path = viewmodel;
			sourceTree = "<group>";
		};
		848D09BC2BFB844400084DB6 /* repo */ = {
			isa = PBXGroup;
			children = (
				848D09BD2BFB845700084DB6 /* TodoDaoRepository.swift */,
			);
			path = repo;
			sourceTree = "<group>";
		};
		848D09CA2BFB91D900084DB6 /* Frameworks */ = {
			isa = PBXGroup;
			children = (
				848D09CB2BFB91D900084DB6 /* libsqlite3.tbd */,
			);
			name = Frameworks;
			sourceTree = "<group>";
		};
/* End PBXGroup section */

/* Begin PBXNativeTarget section */
		848D09972BF89A4A00084DB6 /* odev7 */ = {
			isa = PBXNativeTarget;
			buildConfigurationList = 848D09AC2BF89A4B00084DB6 /* Build configuration list for PBXNativeTarget "odev7" */;
			buildPhases = (
				848D09942BF89A4A00084DB6 /* Sources */,
				848D09952BF89A4A00084DB6 /* Frameworks */,
				848D09962BF89A4A00084DB6 /* Resources */,
			);
			buildRules = (
			);
			dependencies = (
			);
			name = odev7;
			packageProductDependencies = (
				848D09C82BFB90E800084DB6 /* RxSwift */,
			);
			productName = odev7;
			productReference = 848D09982BF89A4A00084DB6 /* odev7.app */;
			productType = "com.apple.product-type.application";
		};
/* End PBXNativeTarget section */

/* Begin PBXProject section */
		848D09902BF89A4A00084DB6 /* Project object */ = {
			isa = PBXProject;
			attributes = {
				BuildIndependentTargetsInParallel = 1;
				LastSwiftUpdateCheck = 1530;
				LastUpgradeCheck = 1530;
				TargetAttributes = {
					848D09972BF89A4A00084DB6 = {
						CreatedOnToolsVersion = 15.3;
						LastSwiftMigration = 1530;
					};
				};
			};
			buildConfigurationList = 848D09932BF89A4A00084DB6 /* Build configuration list for PBXProject "odev7" */;
			compatibilityVersion = "Xcode 14.0";
			developmentRegion = en;
			hasScannedForEncodings = 0;
			knownRegions = (
				en,
				Base,
			);
			mainGroup = 848D098F2BF89A4A00084DB6;
			packageReferences = (
				848D09C72BFB90E800084DB6 /* XCRemoteSwiftPackageReference "RxSwift" */,
				84BE5E192BFCC612002BFEC5 /* XCRemoteSwiftPackageReference "Toast-Swift" */,
			);
			productRefGroup = 848D09992BF89A4A00084DB6 /* Products */;
			projectDirPath = "";
			projectRoot = "";
			targets = (
				848D09972BF89A4A00084DB6 /* odev7 */,
			);
		};
/* End PBXProject section */

/* Begin PBXResourcesBuildPhase section */
		848D09962BF89A4A00084DB6 /* Resources */ = {
			isa = PBXResourcesBuildPhase;
			buildActionMask = 2147483647;
			files = (
				848D09A52BF89A4B00084DB6 /* Assets.xcassets in Resources */,
				848D09DE2BFB928700084DB6 /* todo.sqlite in Resources */,
				848D09A82BF89A4B00084DB6 /* Base in Resources */,
				848D09A32BF89A4A00084DB6 /* Base in Resources */,
			);
			runOnlyForDeploymentPostprocessing = 0;
		};
/* End PBXResourcesBuildPhase section */

/* Begin PBXSourcesBuildPhase section */
		848D09942BF89A4A00084DB6 /* Sources */ = {
			isa = PBXSourcesBuildPhase;
			buildActionMask = 2147483647;
			files = (
				848D09A02BF89A4A00084DB6 /* Anasayfa.swift in Sources */,
				848D09B62BFB77B100084DB6 /* TodoDetay.swift in Sources */,
				848D09D92BFB922400084DB6 /* FMDatabasePool.m in Sources */,
				848D09DA2BFB922400084DB6 /* FMDatabaseQueue.m in Sources */,
				848D09C42BFB8B1E00084DB6 /* TodoDetayViewModel.swift in Sources */,
				848D09D82BFB922400084DB6 /* FMDatabase.m in Sources */,
				848D09C02BFB879800084DB6 /* AnasayfaViewModel.swift in Sources */,
				848D09DC2BFB922400084DB6 /* FMDatabaseAdditions.m in Sources */,
				848D099C2BF89A4A00084DB6 /* AppDelegate.swift in Sources */,
				848D09C22BFB8A6A00084DB6 /* TodoHucre.swift in Sources */,
				848D09DB2BFB922400084DB6 /* FMResultSet.m in Sources */,
				848D09B42BFB779400084DB6 /* TodoKayit.swift in Sources */,
				848D099E2BF89A4A00084DB6 /* SceneDelegate.swift in Sources */,
				848D09B82BFB787200084DB6 /* Todos.swift in Sources */,
				84BE5E1D2BFCCB74002BFEC5 /* ToastMessage.swift in Sources */,
				848D09BE2BFB845700084DB6 /* TodoDaoRepository.swift in Sources */,
				848D09C62BFB8B9800084DB6 /* TodoKayitViewModel.swift in Sources */,
			);
			runOnlyForDeploymentPostprocessing = 0;
		};
/* End PBXSourcesBuildPhase section */

/* Begin PBXVariantGroup section */
		848D09A12BF89A4A00084DB6 /* Main.storyboard */ = {
			isa = PBXVariantGroup;
			children = (
				848D09A22BF89A4A00084DB6 /* Base */,
			);
			name = Main.storyboard;
			sourceTree = "<group>";
		};
		848D09A62BF89A4B00084DB6 /* LaunchScreen.storyboard */ = {
			isa = PBXVariantGroup;
			children = (
				848D09A72BF89A4B00084DB6 /* Base */,
			);
			name = LaunchScreen.storyboard;
			sourceTree = "<group>";
		};
/* End PBXVariantGroup section */

/* Begin XCBuildConfiguration section */
		848D09AA2BF89A4B00084DB6 /* Debug */ = {
			isa = XCBuildConfiguration;
			buildSettings = {
				ALWAYS_SEARCH_USER_PATHS = NO;
				ASSETCATALOG_COMPILER_GENERATE_SWIFT_ASSET_SYMBOL_EXTENSIONS = YES;
				CLANG_ANALYZER_NONNULL = YES;
				CLANG_ANALYZER_NUMBER_OBJECT_CONVERSION = YES_AGGRESSIVE;
				CLANG_CXX_LANGUAGE_STANDARD = "gnu++20";
				CLANG_ENABLE_MODULES = YES;
				CLANG_ENABLE_OBJC_ARC = YES;
				CLANG_ENABLE_OBJC_WEAK = YES;
				CLANG_WARN_BLOCK_CAPTURE_AUTORELEASING = YES;
				CLANG_WARN_BOOL_CONVERSION = YES;
				CLANG_WARN_COMMA = YES;
				CLANG_WARN_CONSTANT_CONVERSION = YES;
				CLANG_WARN_DEPRECATED_OBJC_IMPLEMENTATIONS = YES;
				CLANG_WARN_DIRECT_OBJC_ISA_USAGE = YES_ERROR;
				CLANG_WARN_DOCUMENTATION_COMMENTS = YES;
				CLANG_WARN_EMPTY_BODY = YES;
				CLANG_WARN_ENUM_CONVERSION = YES;
				CLANG_WARN_INFINITE_RECURSION = YES;
				CLANG_WARN_INT_CONVERSION = YES;
				CLANG_WARN_NON_LITERAL_NULL_CONVERSION = YES;
				CLANG_WARN_OBJC_IMPLICIT_RETAIN_SELF = YES;
				CLANG_WARN_OBJC_LITERAL_CONVERSION = YES;
				CLANG_WARN_OBJC_ROOT_CLASS = YES_ERROR;
				CLANG_WARN_QUOTED_INCLUDE_IN_FRAMEWORK_HEADER = YES;
				CLANG_WARN_RANGE_LOOP_ANALYSIS = YES;
				CLANG_WARN_STRICT_PROTOTYPES = YES;
				CLANG_WARN_SUSPICIOUS_MOVE = YES;
				CLANG_WARN_UNGUARDED_AVAILABILITY = YES_AGGRESSIVE;
				CLANG_WARN_UNREACHABLE_CODE = YES;
				CLANG_WARN__DUPLICATE_METHOD_MATCH = YES;
				COPY_PHASE_STRIP = NO;
				DEBUG_INFORMATION_FORMAT = dwarf;
				ENABLE_STRICT_OBJC_MSGSEND = YES;
				ENABLE_TESTABILITY = YES;
				ENABLE_USER_SCRIPT_SANDBOXING = YES;
				GCC_C_LANGUAGE_STANDARD = gnu17;
				GCC_DYNAMIC_NO_PIC = NO;
				GCC_NO_COMMON_BLOCKS = YES;
				GCC_OPTIMIZATION_LEVEL = 0;
				GCC_PREPROCESSOR_DEFINITIONS = (
					"DEBUG=1",
					"$(inherited)",
				);
				GCC_WARN_64_TO_32_BIT_CONVERSION = YES;
				GCC_WARN_ABOUT_RETURN_TYPE = YES_ERROR;
				GCC_WARN_UNDECLARED_SELECTOR = YES;
				GCC_WARN_UNINITIALIZED_AUTOS = YES_AGGRESSIVE;
				GCC_WARN_UNUSED_FUNCTION = YES;
				GCC_WARN_UNUSED_VARIABLE = YES;
				IPHONEOS_DEPLOYMENT_TARGET = 17.4;
				LOCALIZATION_PREFERS_STRING_CATALOGS = YES;
				MTL_ENABLE_DEBUG_INFO = INCLUDE_SOURCE;
				MTL_FAST_MATH = YES;
				ONLY_ACTIVE_ARCH = YES;
				SDKROOT = iphoneos;
				SWIFT_ACTIVE_COMPILATION_CONDITIONS = "DEBUG $(inherited)";
				SWIFT_OPTIMIZATION_LEVEL = "-Onone";
			};
			name = Debug;
		};
		848D09AB2BF89A4B00084DB6 /* Release */ = {
			isa = XCBuildConfiguration;
			buildSettings = {
				ALWAYS_SEARCH_USER_PATHS = NO;
				ASSETCATALOG_COMPILER_GENERATE_SWIFT_ASSET_SYMBOL_EXTENSIONS = YES;
				CLANG_ANALYZER_NONNULL = YES;
				CLANG_ANALYZER_NUMBER_OBJECT_CONVERSION = YES_AGGRESSIVE;
				CLANG_CXX_LANGUAGE_STANDARD = "gnu++20";
				CLANG_ENABLE_MODULES = YES;
				CLANG_ENABLE_OBJC_ARC = YES;
				CLANG_ENABLE_OBJC_WEAK = YES;
				CLANG_WARN_BLOCK_CAPTURE_AUTORELEASING = YES;
				CLANG_WARN_BOOL_CONVERSION = YES;
				CLANG_WARN_COMMA = YES;
				CLANG_WARN_CONSTANT_CONVERSION = YES;
				CLANG_WARN_DEPRECATED_OBJC_IMPLEMENTATIONS = YES;
				CLANG_WARN_DIRECT_OBJC_ISA_USAGE = YES_ERROR;
				CLANG_WARN_DOCUMENTATION_COMMENTS = YES;
				CLANG_WARN_EMPTY_BODY = YES;
				CLANG_WARN_ENUM_CONVERSION = YES;
				CLANG_WARN_INFINITE_RECURSION = YES;
				CLANG_WARN_INT_CONVERSION = YES;
				CLANG_WARN_NON_LITERAL_NULL_CONVERSION = YES;
				CLANG_WARN_OBJC_IMPLICIT_RETAIN_SELF = YES;
				CLANG_WARN_OBJC_LITERAL_CONVERSION = YES;
				CLANG_WARN_OBJC_ROOT_CLASS = YES_ERROR;
				CLANG_WARN_QUOTED_INCLUDE_IN_FRAMEWORK_HEADER = YES;
				CLANG_WARN_RANGE_LOOP_ANALYSIS = YES;
				CLANG_WARN_STRICT_PROTOTYPES = YES;
				CLANG_WARN_SUSPICIOUS_MOVE = YES;
				CLANG_WARN_UNGUARDED_AVAILABILITY = YES_AGGRESSIVE;
				CLANG_WARN_UNREACHABLE_CODE = YES;
				CLANG_WARN__DUPLICATE_METHOD_MATCH = YES;
				COPY_PHASE_STRIP = NO;
				DEBUG_INFORMATION_FORMAT = "dwarf-with-dsym";
				ENABLE_NS_ASSERTIONS = NO;
				ENABLE_STRICT_OBJC_MSGSEND = YES;
				ENABLE_USER_SCRIPT_SANDBOXING = YES;
				GCC_C_LANGUAGE_STANDARD = gnu17;
				GCC_NO_COMMON_BLOCKS = YES;
				GCC_WARN_64_TO_32_BIT_CONVERSION = YES;
				GCC_WARN_ABOUT_RETURN_TYPE = YES_ERROR;
				GCC_WARN_UNDECLARED_SELECTOR = YES;
				GCC_WARN_UNINITIALIZED_AUTOS = YES_AGGRESSIVE;
				GCC_WARN_UNUSED_FUNCTION = YES;
				GCC_WARN_UNUSED_VARIABLE = YES;
				IPHONEOS_DEPLOYMENT_TARGET = 17.4;
				LOCALIZATION_PREFERS_STRING_CATALOGS = YES;
				MTL_ENABLE_DEBUG_INFO = NO;
				MTL_FAST_MATH = YES;
				SDKROOT = iphoneos;
				SWIFT_COMPILATION_MODE = wholemodule;
				VALIDATE_PRODUCT = YES;
			};
			name = Release;
		};
		848D09AD2BF89A4B00084DB6 /* Debug */ = {
			isa = XCBuildConfiguration;
			buildSettings = {
				ASSETCATALOG_COMPILER_APPICON_NAME = AppIcon;
				ASSETCATALOG_COMPILER_GLOBAL_ACCENT_COLOR_NAME = AccentColor;
				CLANG_ENABLE_MODULES = YES;
				CODE_SIGN_STYLE = Automatic;
				CURRENT_PROJECT_VERSION = 1;
				GENERATE_INFOPLIST_FILE = YES;
				INFOPLIST_FILE = odev7/Info.plist;
				INFOPLIST_KEY_UIApplicationSupportsIndirectInputEvents = YES;
				INFOPLIST_KEY_UILaunchStoryboardName = LaunchScreen;
				INFOPLIST_KEY_UIMainStoryboardFile = Main;
				INFOPLIST_KEY_UISupportedInterfaceOrientations_iPad = "UIInterfaceOrientationPortrait UIInterfaceOrientationPortraitUpsideDown UIInterfaceOrientationLandscapeLeft UIInterfaceOrientationLandscapeRight";
				INFOPLIST_KEY_UISupportedInterfaceOrientations_iPhone = "UIInterfaceOrientationPortrait UIInterfaceOrientationLandscapeLeft UIInterfaceOrientationLandscapeRight";
				LD_RUNPATH_SEARCH_PATHS = (
					"$(inherited)",
					"@executable_path/Frameworks",
				);
				MARKETING_VERSION = 1.0;
				PRODUCT_BUNDLE_IDENTIFIER = com.info.odev7;
				PRODUCT_NAME = "$(TARGET_NAME)";
				SWIFT_EMIT_LOC_STRINGS = YES;
				SWIFT_OBJC_BRIDGING_HEADER = "odev7/odev7-Bridging-Header.h";
				SWIFT_OPTIMIZATION_LEVEL = "-Onone";
				SWIFT_VERSION = 5.0;
				TARGETED_DEVICE_FAMILY = "1,2";
			};
			name = Debug;
		};
		848D09AE2BF89A4B00084DB6 /* Release */ = {
			isa = XCBuildConfiguration;
			buildSettings = {
				ASSETCATALOG_COMPILER_APPICON_NAME = AppIcon;
				ASSETCATALOG_COMPILER_GLOBAL_ACCENT_COLOR_NAME = AccentColor;
				CLANG_ENABLE_MODULES = YES;
				CODE_SIGN_STYLE = Automatic;
				CURRENT_PROJECT_VERSION = 1;
				GENERATE_INFOPLIST_FILE = YES;
				INFOPLIST_FILE = odev7/Info.plist;
				INFOPLIST_KEY_UIApplicationSupportsIndirectInputEvents = YES;
				INFOPLIST_KEY_UILaunchStoryboardName = LaunchScreen;
				INFOPLIST_KEY_UIMainStoryboardFile = Main;
				INFOPLIST_KEY_UISupportedInterfaceOrientations_iPad = "UIInterfaceOrientationPortrait UIInterfaceOrientationPortraitUpsideDown UIInterfaceOrientationLandscapeLeft UIInterfaceOrientationLandscapeRight";
				INFOPLIST_KEY_UISupportedInterfaceOrientations_iPhone = "UIInterfaceOrientationPortrait UIInterfaceOrientationLandscapeLeft UIInterfaceOrientationLandscapeRight";
				LD_RUNPATH_SEARCH_PATHS = (
					"$(inherited)",
					"@executable_path/Frameworks",
				);
				MARKETING_VERSION = 1.0;
				PRODUCT_BUNDLE_IDENTIFIER = com.info.odev7;
				PRODUCT_NAME = "$(TARGET_NAME)";
				SWIFT_EMIT_LOC_STRINGS = YES;
				SWIFT_OBJC_BRIDGING_HEADER = "odev7/odev7-Bridging-Header.h";
				SWIFT_VERSION = 5.0;
				TARGETED_DEVICE_FAMILY = "1,2";
			};
			name = Release;
		};
/* End XCBuildConfiguration section */

/* Begin XCConfigurationList section */
		848D09932BF89A4A00084DB6 /* Build configuration list for PBXProject "odev7" */ = {
			isa = XCConfigurationList;
			buildConfigurations = (
				848D09AA2BF89A4B00084DB6 /* Debug */,
				848D09AB2BF89A4B00084DB6 /* Release */,
			);
			defaultConfigurationIsVisible = 0;
			defaultConfigurationName = Release;
		};
		848D09AC2BF89A4B00084DB6 /* Build configuration list for PBXNativeTarget "odev7" */ = {
			isa = XCConfigurationList;
			buildConfigurations = (
				848D09AD2BF89A4B00084DB6 /* Debug */,
				848D09AE2BF89A4B00084DB6 /* Release */,
			);
			defaultConfigurationIsVisible = 0;
			defaultConfigurationName = Release;
		};
/* End XCConfigurationList section */

/* Begin XCRemoteSwiftPackageReference section */
		848D09C72BFB90E800084DB6 /* XCRemoteSwiftPackageReference "RxSwift" */ = {
			isa = XCRemoteSwiftPackageReference;
			repositoryURL = "https://github.com/ReactiveX/RxSwift";
			requirement = {
				kind = upToNextMajorVersion;
				minimumVersion = 6.7.1;
			};
		};
		84BE5E192BFCC612002BFEC5 /* XCRemoteSwiftPackageReference "Toast-Swift" */ = {
			isa = XCRemoteSwiftPackageReference;
			repositoryURL = "https://github.com/scalessec/Toast-Swift.git";
			requirement = {
				kind = upToNextMajorVersion;
				minimumVersion = 5.1.1;
			};
		};
/* End XCRemoteSwiftPackageReference section */

/* Begin XCSwiftPackageProductDependency section */
		848D09C82BFB90E800084DB6 /* RxSwift */ = {
			isa = XCSwiftPackageProductDependency;
			package = 848D09C72BFB90E800084DB6 /* XCRemoteSwiftPackageReference "RxSwift" */;
			productName = RxSwift;
		};
/* End XCSwiftPackageProductDependency section */
	};
	rootObject = 848D09902BF89A4A00084DB6 /* Project object */;
}
